// !$*UTF8*$!
{
	archiveVersion = 1;
	classes = {
	};
	objectVersion = 46;
	objects = {

/* Begin PBXBuildFile section */
		EBE8FB4019F9E7F8001E2052 /* main.m in Sources */ = {isa = PBXBuildFile; fileRef = EBE8FB3F19F9E7F8001E2052 /* main.m */; };
		EBE8FB4319F9E7F8001E2052 /* AppDelegate.m in Sources */ = {isa = PBXBuildFile; fileRef = EBE8FB4219F9E7F8001E2052 /* AppDelegate.m */; };
		EBE8FB4619F9E7F8001E2052 /* ViewController.m in Sources */ = {isa = PBXBuildFile; fileRef = EBE8FB4519F9E7F8001E2052 /* ViewController.m */; };
		EBE8FB4919F9E7F8001E2052 /* Main.storyboard in Resources */ = {isa = PBXBuildFile; fileRef = EBE8FB4719F9E7F8001E2052 /* Main.storyboard */; };
		EBE8FB4B19F9E7F8001E2052 /* Images.xcassets in Resources */ = {isa = PBXBuildFile; fileRef = EBE8FB4A19F9E7F8001E2052 /* Images.xcassets */; };
		EBE8FB4E19F9E7F8001E2052 /* LaunchScreen.xib in Resources */ = {isa = PBXBuildFile; fileRef = EBE8FB4C19F9E7F8001E2052 /* LaunchScreen.xib */; };
		EBE8FB5A19F9E7F8001E2052 /* TestLayoutAnimationTests.m in Sources */ = {isa = PBXBuildFile; fileRef = EBE8FB5919F9E7F8001E2052 /* TestLayoutAnimationTests.m */; };
		EBE8FB6519FA3224001E2052 /* DataModel.m in Sources */ = {isa = PBXBuildFile; fileRef = EBE8FB6419FA3224001E2052 /* DataModel.m */; };
/* End PBXBuildFile section */

/* Begin PBXContainerItemProxy section */
		EBE8FB5419F9E7F8001E2052 /* PBXContainerItemProxy */ = {
			isa = PBXContainerItemProxy;
			containerPortal = EBE8FB3219F9E7F8001E2052 /* Project object */;
			proxyType = 1;
			remoteGlobalIDString = EBE8FB3919F9E7F8001E2052;
			remoteInfo = TestLayoutAnimation;
		};
/* End PBXContainerItemProxy section */

/* Begin PBXFileReference section */
		EBE8FB3A19F9E7F8001E2052 /* TestLayoutAnimation.app */ = {isa = PBXFileReference; explicitFileType = wrapper.application; includeInIndex = 0; path = TestLayoutAnimation.app; sourceTree = BUILT_PRODUCTS_DIR; };
		EBE8FB3E19F9E7F8001E2052 /* Info.plist */ = {isa = PBXFileReference; lastKnownFileType = text.plist.xml; path = Info.plist; sourceTree = "<group>"; };
		EBE8FB3F19F9E7F8001E2052 /* main.m */ = {isa = PBXFileReference; lastKnownFileType = sourcecode.c.objc; path = main.m; sourceTree = "<group>"; };
		EBE8FB4119F9E7F8001E2052 /* AppDelegate.h */ = {isa = PBXFileReference; lastKnownFileType = sourcecode.c.h; path = AppDelegate.h; sourceTree = "<group>"; };
		EBE8FB4219F9E7F8001E2052 /* AppDelegate.m */ = {isa = PBXFileReference; lastKnownFileType = sourcecode.c.objc; path = AppDelegate.m; sourceTree = "<group>"; };
		EBE8FB4419F9E7F8001E2052 /* ViewController.h */ = {isa = PBXFileReference; lastKnownFileType = sourcecode.c.h; path = ViewController.h; sourceTree = "<group>"; };
		EBE8FB4519F9E7F8001E2052 /* ViewController.m */ = {isa = PBXFileReference; lastKnownFileType = sourcecode.c.objc; path = ViewController.m; sourceTree = "<group>"; };
		EBE8FB4819F9E7F8001E2052 /* Base */ = {isa = PBXFileReference; lastKnownFileType = file.storyboard; name = Base; path = Base.lproj/Main.storyboard; sourceTree = "<group>"; };
		EBE8FB4A19F9E7F8001E2052 /* Images.xcassets */ = {isa = PBXFileReference; lastKnownFileType = folder.assetcatalog; path = Images.xcassets; sourceTree = "<group>"; };
		EBE8FB4D19F9E7F8001E2052 /* Base */ = {isa = PBXFileReference; lastKnownFileType = file.xib; name = Base; path = Base.lproj/LaunchScreen.xib; sourceTree = "<group>"; };
		EBE8FB5319F9E7F8001E2052 /* TestLayoutAnimationTests.xctest */ = {isa = PBXFileReference; explicitFileType = wrapper.cfbundle; includeInIndex = 0; path = TestLayoutAnimationTests.xctest; sourceTree = BUILT_PRODUCTS_DIR; };
		EBE8FB5819F9E7F8001E2052 /* Info.plist */ = {isa = PBXFileReference; lastKnownFileType = text.plist.xml; path = Info.plist; sourceTree = "<group>"; };
		EBE8FB5919F9E7F8001E2052 /* TestLayoutAnimationTests.m */ = {isa = PBXFileReference; lastKnownFileType = sourcecode.c.objc; path = TestLayoutAnimationTests.m; sourceTree = "<group>"; };
		EBE8FB6319FA3224001E2052 /* DataModel.h */ = {isa = PBXFileReference; fileEncoding = 4; lastKnownFileType = sourcecode.c.h; path = DataModel.h; sourceTree = "<group>"; };
		EBE8FB6419FA3224001E2052 /* DataModel.m */ = {isa = PBXFileReference; fileEncoding = 4; lastKnownFileType = sourcecode.c.objc; path = DataModel.m; sourceTree = "<group>"; };
/* End PBXFileReference section */

/* Begin PBXFrameworksBuildPhase section */
		EBE8FB3719F9E7F8001E2052 /* Frameworks */ = {
			isa = PBXFrameworksBuildPhase;
			buildActionMask = 2147483647;
			files = (
			);
			runOnlyForDeploymentPostprocessing = 0;
		};
		EBE8FB5019F9E7F8001E2052 /* Frameworks */ = {
			isa = PBXFrameworksBuildPhase;
			buildActionMask = 2147483647;
			files = (
			);
			runOnlyForDeploymentPostprocessing = 0;
		};
/* End PBXFrameworksBuildPhase section */

/* Begin PBXGroup section */
		EBE8FB3119F9E7F8001E2052 = {
			isa = PBXGroup;
			children = (
				EBE8FB3C19F9E7F8001E2052 /* TestLayoutAnimation */,
				EBE8FB5619F9E7F8001E2052 /* TestLayoutAnimationTests */,
				EBE8FB3B19F9E7F8001E2052 /* Products */,
			);
			sourceTree = "<group>";
		};
		EBE8FB3B19F9E7F8001E2052 /* Products */ = {
			isa = PBXGroup;
			children = (
				EBE8FB3A19F9E7F8001E2052 /* TestLayoutAnimation.app */,
				EBE8FB5319F9E7F8001E2052 /* TestLayoutAnimationTests.xctest */,
			);
			name = Products;
			sourceTree = "<group>";
		};
		EBE8FB3C19F9E7F8001E2052 /* TestLayoutAnimation */ = {
			isa = PBXGroup;
			children = (
				EBE8FB4119F9E7F8001E2052 /* AppDelegate.h */,
				EBE8FB4219F9E7F8001E2052 /* AppDelegate.m */,
				EBE8FB4419F9E7F8001E2052 /* ViewController.h */,
				EBE8FB4519F9E7F8001E2052 /* ViewController.m */,
				EBE8FB4719F9E7F8001E2052 /* Main.storyboard */,
				EBE8FB6319FA3224001E2052 /* DataModel.h */,
				EBE8FB6419FA3224001E2052 /* DataModel.m */,
				EBE8FB4A19F9E7F8001E2052 /* Images.xcassets */,
				EBE8FB4C19F9E7F8001E2052 /* LaunchScreen.xib */,
				EBE8FB3D19F9E7F8001E2052 /* Supporting Files */,
			);
			path = TestLayoutAnimation;
			sourceTree = "<group>";
		};
		EBE8FB3D19F9E7F8001E2052 /* Supporting Files */ = {
			isa = PBXGroup;
			children = (
				EBE8FB3E19F9E7F8001E2052 /* Info.plist */,
				EBE8FB3F19F9E7F8001E2052 /* main.m */,
			);
			name = "Supporting Files";
			sourceTree = "<group>";
		};
		EBE8FB5619F9E7F8001E2052 /* TestLayoutAnimationTests */ = {
			isa = PBXGroup;
			children = (
				EBE8FB5919F9E7F8001E2052 /* TestLayoutAnimationTests.m */,
				EBE8FB5719F9E7F8001E2052 /* Supporting Files */,
			);
			path = TestLayoutAnimationTests;
			sourceTree = "<group>";
		};
		EBE8FB5719F9E7F8001E2052 /* Supporting Files */ = {
			isa = PBXGroup;
			children = (
				EBE8FB5819F9E7F8001E2052 /* Info.plist */,
			);
			name = "Supporting Files";
			sourceTree = "<group>";
		};
/* End PBXGroup section */

/* Begin PBXNativeTarget section */
		EBE8FB3919F9E7F8001E2052 /* TestLayoutAnimation */ = {
			isa = PBXNativeTarget;
			buildConfigurationList = EBE8FB5D19F9E7F8001E2052 /* Build configuration list for PBXNativeTarget "TestLayoutAnimation" */;
			buildPhases = (
				EBE8FB3619F9E7F8001E2052 /* Sources */,
				EBE8FB3719F9E7F8001E2052 /* Frameworks */,
				EBE8FB3819F9E7F8001E2052 /* Resources */,
			);
			buildRules = (
			);
			dependencies = (
			);
			name = TestLayoutAnimation;
			productName = TestLayoutAnimation;
			productReference = EBE8FB3A19F9E7F8001E2052 /* TestLayoutAnimation.app */;
			productType = "com.apple.product-type.application";
		};
		EBE8FB5219F9E7F8001E2052 /* TestLayoutAnimationTests */ = {
			isa = PBXNativeTarget;
			buildConfigurationList = EBE8FB6019F9E7F8001E2052 /* Build configuration list for PBXNativeTarget "TestLayoutAnimationTests" */;
			buildPhases = (
				EBE8FB4F19F9E7F8001E2052 /* Sources */,
				EBE8FB5019F9E7F8001E2052 /* Frameworks */,
				EBE8FB5119F9E7F8001E2052 /* Resources */,
			);
			buildRules = (
			);
			dependencies = (
				EBE8FB5519F9E7F8001E2052 /* PBXTargetDependency */,
			);
			name = TestLayoutAnimationTests;
			productName = TestLayoutAnimationTests;
			productReference = EBE8FB5319F9E7F8001E2052 /* TestLayoutAnimationTests.xctest */;
			productType = "com.apple.product-type.bundle.unit-test";
		};
/* End PBXNativeTarget section */

/* Begin PBXProject section */
		EBE8FB3219F9E7F8001E2052 /* Project object */ = {
			isa = PBXProject;
			attributes = {
				LastUpgradeCheck = 0610;
				ORGANIZATIONNAME = SCDev;
				TargetAttributes = {
					EBE8FB3919F9E7F8001E2052 = {
						CreatedOnToolsVersion = 6.1;
					};
					EBE8FB5219F9E7F8001E2052 = {
						CreatedOnToolsVersion = 6.1;
						TestTargetID = EBE8FB3919F9E7F8001E2052;
					};
				};
			};
			buildConfigurationList = EBE8FB3519F9E7F8001E2052 /* Build configuration list for PBXProject "TestLayoutAnimation" */;
			compatibilityVersion = "Xcode 3.2";
			developmentRegion = English;
			hasScannedForEncodings = 0;
			knownRegions = (
				en,
				Base,
			);
			mainGroup = EBE8FB3119F9E7F8001E2052;
			productRefGroup = EBE8FB3B19F9E7F8001E2052 /* Products */;
			projectDirPath = "";
			projectRoot = "";
			targets = (
				EBE8FB3919F9E7F8001E2052 /* TestLayoutAnimation */,
				EBE8FB5219F9E7F8001E2052 /* TestLayoutAnimationTests */,
			);
		};
/* End PBXProject section */

/* Begin PBXResourcesBuildPhase section */
		EBE8FB3819F9E7F8001E2052 /* Resources */ = {
			isa = PBXResourcesBuildPhase;
			buildActionMask = 2147483647;
			files = (
				EBE8FB4919F9E7F8001E2052 /* Main.storyboard in Resources */,
				EBE8FB4E19F9E7F8001E2052 /* LaunchScreen.xib in Resources */,
				EBE8FB4B19F9E7F8001E2052 /* Images.xcassets in Resources */,
			);
			runOnlyForDeploymentPostprocessing = 0;
		};
		EBE8FB5119F9E7F8001E2052 /* Resources */ = {
			isa = PBXResourcesBuildPhase;
			buildActionMask = 2147483647;
			files = (
			);
			runOnlyForDeploymentPostprocessing = 0;
		};
/* End PBXResourcesBuildPhase section */

/* Begin PBXSourcesBuildPhase section */
		EBE8FB3619F9E7F8001E2052 /* Sources */ = {
			isa = PBXSourcesBuildPhase;
			buildActionMask = 2147483647;
			files = (
				EBE8FB4619F9E7F8001E2052 /* ViewController.m in Sources */,
				EBE8FB6519FA3224001E2052 /* DataModel.m in Sources */,
				EBE8FB4319F9E7F8001E2052 /* AppDelegate.m in Sources */,
				EBE8FB4019F9E7F8001E2052 /* main.m in Sources */,
			);
			runOnlyForDeploymentPostprocessing = 0;
		};
		EBE8FB4F19F9E7F8001E2052 /* Sources */ = {
			isa = PBXSourcesBuildPhase;
			buildActionMask = 2147483647;
			files = (
				EBE8FB5A19F9E7F8001E2052 /* TestLayoutAnimationTests.m in Sources */,
			);
			runOnlyForDeploymentPostprocessing = 0;
		};
/* End PBXSourcesBuildPhase section */

/* Begin PBXTargetDependency section */
		EBE8FB5519F9E7F8001E2052 /* PBXTargetDependency */ = {
			isa = PBXTargetDependency;
			target = EBE8FB3919F9E7F8001E2052 /* TestLayoutAnimation */;
			targetProxy = EBE8FB5419F9E7F8001E2052 /* PBXContainerItemProxy */;
		};
/* End PBXTargetDependency section */

/* Begin PBXVariantGroup section */
		EBE8FB4719F9E7F8001E2052 /* Main.storyboard */ = {
			isa = PBXVariantGroup;
			children = (
				EBE8FB4819F9E7F8001E2052 /* Base */,
			);
			name = Main.storyboard;
			sourceTree = "<group>";
		};
		EBE8FB4C19F9E7F8001E2052 /* LaunchScreen.xib */ = {
			isa = PBXVariantGroup;
			children = (
				EBE8FB4D19F9E7F8001E2052 /* Base */,
			);
			name = LaunchScreen.xib;
			sourceTree = "<group>";
		};
/* End PBXVariantGroup section */

/* Begin XCBuildConfiguration section */
		EBE8FB5B19F9E7F8001E2052 /* Debug */ = {
			isa = XCBuildConfiguration;
			buildSettings = {
				ALWAYS_SEARCH_USER_PATHS = NO;
				CLANG_CXX_LANGUAGE_STANDARD = "gnu++0x";
				CLANG_CXX_LIBRARY = "libc++";
				CLANG_ENABLE_MODULES = YES;
				CLANG_ENABLE_OBJC_ARC = YES;
				CLANG_WARN_BOOL_CONVERSION = YES;
				CLANG_WARN_CONSTANT_CONVERSION = YES;
				CLANG_WARN_DIRECT_OBJC_ISA_USAGE = YES_ERROR;
				CLANG_WARN_EMPTY_BODY = YES;
				CLANG_WARN_ENUM_CONVERSION = YES;
				CLANG_WARN_INT_CONVERSION = YES;
				CLANG_WARN_OBJC_ROOT_CLASS = YES_ERROR;
				CLANG_WARN_UNREACHABLE_CODE = YES;
				CLANG_WARN__DUPLICATE_METHOD_MATCH = YES;
				"CODE_SIGN_IDENTITY[sdk=iphoneos*]" = "iPhone Developer";
				COPY_PHASE_STRIP = NO;
				ENABLE_STRICT_OBJC_MSGSEND = YES;
				GCC_C_LANGUAGE_STANDARD = gnu99;
				GCC_DYNAMIC_NO_PIC = NO;
				GCC_OPTIMIZATION_LEVEL = 0;
				GCC_PREPROCESSOR_DEFINITIONS = (
					"DEBUG=1",
					"$(inherited)",
				);
				GCC_SYMBOLS_PRIVATE_EXTERN = NO;
				GCC_WARN_64_TO_32_BIT_CONVERSION = YES;
				GCC_WARN_ABOUT_RETURN_TYPE = YES_ERROR;
				GCC_WARN_UNDECLARED_SELECTOR = YES;
				GCC_WARN_UNINITIALIZED_AUTOS = YES_AGGRESSIVE;
				GCC_WARN_UNUSED_FUNCTION = YES;
				GCC_WARN_UNUSED_VARIABLE = YES;
				IPHONEOS_DEPLOYMENT_TARGET = 8.1;
				MTL_ENABLE_DEBUG_INFO = YES;
				ONLY_ACTIVE_ARCH = YES;
				SDKROOT = iphoneos;
			};
			name = Debug;
		};
		EBE8FB5C19F9E7F8001E2052 /* Release */ = {
			isa = XCBuildConfiguration;
			buildSettings = {
				ALWAYS_SEARCH_USER_PATHS = NO;
				CLANG_CXX_LANGUAGE_STANDARD = "gnu++0x";
				CLANG_CXX_LIBRARY = "libc++";
				CLANG_ENABLE_MODULES = YES;
				CLANG_ENABLE_OBJC_ARC = YES;
				CLANG_WARN_BOOL_CONVERSION = YES;
				CLANG_WARN_CONSTANT_CONVERSION = YES;
				CLANG_WARN_DIRECT_OBJC_ISA_USAGE = YES_ERROR;
				CLANG_WARN_EMPTY_BODY = YES;
				CLANG_WARN_ENUM_CONVERSION = YES;
				CLANG_WARN_INT_CONVERSION = YES;
				CLANG_WARN_OBJC_ROOT_CLASS = YES_ERROR;
				CLANG_WARN_UNREACHABLE_CODE = YES;
				CLANG_WARN__DUPLICATE_METHOD_MATCH = YES;
				"CODE_SIGN_IDENTITY[sdk=iphoneos*]" = "iPhone Developer";
				COPY_PHASE_STRIP = YES;
				ENABLE_NS_ASSERTIONS = NO;
				ENABLE_STRICT_OBJC_MSGSEND = YES;
				GCC_C_LANGUAGE_STANDARD = gnu99;
				GCC_WARN_64_TO_32_BIT_CONVERSION = YES;
				GCC_WARN_ABOUT_RETURN_TYPE = YES_ERROR;
				GCC_WARN_UNDECLARED_SELECTOR = YES;
				GCC_WARN_UNINITIALIZED_AUTOS = YES_AGGRESSIVE;
				GCC_WARN_UNUSED_FUNCTION = YES;
				GCC_WARN_UNUSED_VARIABLE = YES;
				IPHONEOS_DEPLOYMENT_TARGET = 8.1;
				MTL_ENABLE_DEBUG_INFO = NO;
				SDKROOT = iphoneos;
				VALIDATE_PRODUCT = YES;
			};
			name = Release;
		};
		EBE8FB5E19F9E7F8001E2052 /* Debug */ = {
			isa = XCBuildConfiguration;
			buildSettings = {
				ASSETCATALOG_COMPILER_APPICON_NAME = AppIcon;
				INFOPLIST_FILE = TestLayoutAnimation/Info.plist;
				LD_RUNPATH_SEARCH_PATHS = "$(inherited) @executable_path/Frameworks";
				PRODUCT_NAME = "$(TARGET_NAME)";
			};
			name = Debug;
		};
		EBE8FB5F19F9E7F8001E2052 /* Release */ = {
			isa = XCBuildConfiguration;
			buildSettings = {
				ASSETCATALOG_COMPILER_APPICON_NAME = AppIcon;
				INFOPLIST_FILE = TestLayoutAnimation/Info.plist;
				LD_RUNPATH_SEARCH_PATHS = "$(inherited) @executable_path/Frameworks";
				PRODUCT_NAME = "$(TARGET_NAME)";
			};
			name = Release;
		};
		EBE8FB6119F9E7F8001E2052 /* Debug */ = {
			isa = XCBuildConfiguration;
			buildSettings = {
				BUNDLE_LOADER = "$(TEST_HOST)";
				FRAMEWORK_SEARCH_PATHS = (
					"$(SDKROOT)/Developer/Library/Frameworks",
					"$(inherited)",
				);
				GCC_PREPROCESSOR_DEFINITIONS = (
					"DEBUG=1",
					"$(inherited)",
				);
				INFOPLIST_FILE = TestLayoutAnimationTests/Info.plist;
				LD_RUNPATH_SEARCH_PATHS = "$(inherited) @executable_path/Frameworks @loader_path/Frameworks";
				PRODUCT_NAME = "$(TARGET_NAME)";
				TEST_HOST = "$(BUILT_PRODUCTS_DIR)/TestLayoutAnimation.app/TestLayoutAnimation";
			};
			name = Debug;
		};
		EBE8FB6219F9E7F8001E2052 /* Release */ = {
			isa = XCBuildConfiguration;
			buildSettings = {
				BUNDLE_LOADER = "$(TEST_HOST)";
				FRAMEWORK_SEARCH_PATHS = (
					"$(SDKROOT)/Developer/Library/Frameworks",
					"$(inherited)",
				);
				INFOPLIST_FILE = TestLayoutAnimationTests/Info.plist;
				LD_RUNPATH_SEARCH_PATHS = "$(inherited) @executable_path/Frameworks @loader_path/Frameworks";
				PRODUCT_NAME = "$(TARGET_NAME)";
				TEST_HOST = "$(BUILT_PRODUCTS_DIR)/TestLayoutAnimation.app/TestLayoutAnimation";
			};
			name = Release;
		};
/* End XCBuildConfiguration section */

/* Begin XCConfigurationList section */
		EBE8FB3519F9E7F8001E2052 /* Build configuration list for PBXProject "TestLayoutAnimation" */ = {
			isa = XCConfigurationList;
			buildConfigurations = (
				EBE8FB5B19F9E7F8001E2052 /* Debug */,
				EBE8FB5C19F9E7F8001E2052 /* Release */,
			);
			defaultConfigurationIsVisible = 0;
			defaultConfigurationName = Release;
		};
		EBE8FB5D19F9E7F8001E2052 /* Build configuration list for PBXNativeTarget "TestLayoutAnimation" */ = {
			isa = XCConfigurationList;
			buildConfigurations = (
				EBE8FB5E19F9E7F8001E2052 /* Debug */,
				EBE8FB5F19F9E7F8001E2052 /* Release */,
			);
			defaultConfigurationIsVisible = 0;
		};
		EBE8FB6019F9E7F8001E2052 /* Build configuration list for PBXNativeTarget "TestLayoutAnimationTests" */ = {
			isa = XCConfigurationList;
			buildConfigurations = (
				EBE8FB6119F9E7F8001E2052 /* Debug */,
				EBE8FB6219F9E7F8001E2052 /* Release */,
			);
			defaultConfigurationIsVisible = 0;
		};
/* End XCConfigurationList section */
	};
	rootObject = EBE8FB3219F9E7F8001E2052 /* Project object */;
}
